
Microsoft Visual Studio Solution File, Format Version 11.00
# Visual Studio 2010
Project("{FAE04EC0-301F-11D3-BF4B-00C04F79EFBC}") = "PRE", "PRE\PRE.csproj", "{7DFDFE42-B59A-4982-A5FB-CAE8D4B7755D}"
EndProject
Project("{FAE04EC0-301F-11D3-BF4B-00C04F79EFBC}") = "UTL", "UTL\UTL.csproj", "{2DEFFA90-76DD-458C-93F4-62C2737F3BF0}"
EndProject
Project("{FAE04EC0-301F-11D3-BF4B-00C04F79EFBC}") = "DAL", "DAL\DAL.csproj", "{F85E7B52-2159-4B9D-BC9A-25767CD48BA4}"
EndProject
Project("{FAE04EC0-301F-11D3-BF4B-00C04F79EFBC}") = "BLL", "BLL\BLL.csproj", "{5C37FDD1-BB84-44D4-BA91-0DB491C920A2}"
EndProject
Project("{54435603-DBB4-11D2-8724-00A0C9A8B90C}") = "xBXE", "xBXE\xBXE.vdproj", "{EC27CBDA-4069-4C17-ABB0-466CBC96B771}"
EndProject
Global
	GlobalSection(SolutionConfigurationPlatforms) = preSolution
		Debug|Any CPU = Debug|Any CPU
		Debug|Mixed Platforms = Debug|Mixed Platforms
		Debug|x86 = Debug|x86
		Release|Any CPU = Release|Any CPU
		Release|Mixed Platforms = Release|Mixed Platforms
		Release|x86 = Release|x86
	EndGlobalSection
	GlobalSection(ProjectConfigurationPlatforms) = postSolution
		{7DFDFE42-B59A-4982-A5FB-CAE8D4B7755D}.Debug|Any CPU.ActiveCfg = Debug|x86
		{7DFDFE42-B59A-4982-A5FB-CAE8D4B7755D}.Debug|Mixed Platforms.ActiveCfg = Debug|x86
		{7DFDFE42-B59A-4982-A5FB-CAE8D4B7755D}.Debug|Mixed Platforms.Build.0 = Debug|x86
		{7DFDFE42-B59A-4982-A5FB-CAE8D4B7755D}.Debug|x86.ActiveCfg = Debug|x86
		{7DFDFE42-B59A-4982-A5FB-CAE8D4B7755D}.Debug|x86.Build.0 = Debug|x86
		{7DFDFE42-B59A-4982-A5FB-CAE8D4B7755D}.Release|Any CPU.ActiveCfg = Release|x86
		{7DFDFE42-B59A-4982-A5FB-CAE8D4B7755D}.Release|Mixed Platforms.ActiveCfg = Release|x86
		{7DFDFE42-B59A-4982-A5FB-CAE8D4B7755D}.Release|Mixed Platforms.Build.0 = Release|x86
		{7DFDFE42-B59A-4982-A5FB-CAE8D4B7755D}.Release|x86.ActiveCfg = Release|x86
		{7DFDFE42-B59A-4982-A5FB-CAE8D4B7755D}.Release|x86.Build.0 = Release|x86
		{2DEFFA90-76DD-458C-93F4-62C2737F3BF0}.Debug|Any CPU.ActiveCfg = Debug|Any CPU
		{2DEFFA90-76DD-458C-93F4-62C2737F3BF0}.Debug|Any CPU.Build.0 = Debug|Any CPU
		{2DEFFA90-76DD-458C-93F4-62C2737F3BF0}.Debug|Mixed Platforms.ActiveCfg = Debug|Any CPU
		{2DEFFA90-76DD-458C-93F4-62C2737F3BF0}.Debug|Mixed Platforms.Build.0 = Debug|Any CPU
		{2DEFFA90-76DD-458C-93F4-62C2737F3BF0}.Debug|x86.ActiveCfg = Debug|Any CPU
		{2DEFFA90-76DD-458C-93F4-62C2737F3BF0}.Release|Any CPU.ActiveCfg = Release|Any CPU
		{2DEFFA90-76DD-458C-93F4-62C2737F3BF0}.Release|Any CPU.Build.0 = Release|Any CPU
		{2DEFFA90-76DD-458C-93F4-62C2737F3BF0}.Release|Mixed Platforms.ActiveCfg = Release|Any CPU
		{2DEFFA90-76DD-458C-93F4-62C2737F3BF0}.Release|Mixed Platforms.Build.0 = Release|Any CPU
		{2DEFFA90-76DD-458C-93F4-62C2737F3BF0}.Release|x86.ActiveCfg = Release|Any CPU
		{F85E7B52-2159-4B9D-BC9A-25767CD48BA4}.Debug|Any CPU.ActiveCfg = Debug|Any CPU
		{F85E7B52-2159-4B9D-BC9A-25767CD48BA4}.Debug|Any CPU.Build.0 = Debug|Any CPU
		{F85E7B52-2159-4B9D-BC9A-25767CD48BA4}.Debug|Mixed Platforms.ActiveCfg = Debug|Any CPU
		{F85E7B52-2159-4B9D-BC9A-25767CD48BA4}.Debug|Mixed Platforms.Build.0 = Debug|Any CPU
		{F85E7B52-2159-4B9D-BC9A-25767CD48BA4}.Debug|x86.ActiveCfg = Debug|Any CPU
		{F85E7B52-2159-4B9D-BC9A-25767CD48BA4}.Release|Any CPU.ActiveCfg = Release|Any CPU
		{F85E7B52-2159-4B9D-BC9A-25767CD48BA4}.Release|Any CPU.Build.0 = Release|Any CPU
		{F85E7B52-2159-4B9D-BC9A-25767CD48BA4}.Release|Mixed Platforms.ActiveCfg = Release|Any CPU
		{F85E7B52-2159-4B9D-BC9A-25767CD48BA4}.Release|Mixed Platforms.Build.0 = Release|Any CPU
		{F85E7B52-2159-4B9D-BC9A-25767CD48BA4}.Release|x86.ActiveCfg = Release|Any CPU
		{5C37FDD1-BB84-44D4-BA91-0DB491C920A2}.Debug|Any CPU.ActiveCfg = Debug|Any CPU
		{5C37FDD1-BB84-44D4-BA91-0DB491C920A2}.Debug|Any CPU.Build.0 = Debug|Any CPU
		{5C37FDD1-BB84-44D4-BA91-0DB491C920A2}.Debug|Mixed Platforms.ActiveCfg = Debug|Any CPU
		{5C37FDD1-BB84-44D4-BA91-0DB491C920A2}.Debug|Mixed Platforms.Build.0 = Debug|Any CPU
		{5C37FDD1-BB84-44D4-BA91-0DB491C920A2}.Debug|x86.ActiveCfg = Debug|Any CPU
		{5C37FDD1-BB84-44D4-BA91-0DB491C920A2}.Release|Any CPU.ActiveCfg = Release|Any CPU
		{5C37FDD1-BB84-44D4-BA91-0DB491C920A2}.Release|Any CPU.Build.0 = Release|Any CPU
		{5C37FDD1-BB84-44D4-BA91-0DB491C920A2}.Release|Mixed Platforms.ActiveCfg = Release|Any CPU
		{5C37FDD1-BB84-44D4-BA91-0DB491C920A2}.Release|Mixed Platforms.Build.0 = Release|Any CPU
		{5C37FDD1-BB84-44D4-BA91-0DB491C920A2}.Release|x86.ActiveCfg = Release|Any CPU
		{EC27CBDA-4069-4C17-ABB0-466CBC96B771}.Debug|Any CPU.ActiveCfg = Debug
		{EC27CBDA-4069-4C17-ABB0-466CBC96B771}.Debug|Mixed Platforms.ActiveCfg = Debug
		{EC27CBDA-4069-4C17-ABB0-466CBC96B771}.Debug|x86.ActiveCfg = Debug
		{EC27CBDA-4069-4C17-ABB0-466CBC96B771}.Release|Any CPU.ActiveCfg = Release
		{EC27CBDA-4069-4C17-ABB0-466CBC96B771}.Release|Mixed Platforms.ActiveCfg = Release
		{EC27CBDA-4069-4C17-ABB0-466CBC96B771}.Release|x86.ActiveCfg = Release
	EndGlobalSection
	GlobalSection(SolutionProperties) = preSolution
		HideSolutionNode = FALSE
	EndGlobalSection
	GlobalSection(ExtensibilityGlobals) = postSolution
		VisualSVNWorkingCopyRoot = .
	EndGlobalSection
EndGlobal
