
Microsoft Visual Studio Solution File, Format Version 11.00
# Visual Studio 2010
Project("{FAE04EC0-301F-11D3-BF4B-00C04F79EFBC}") = "SKG.PRE", "SKG.PRE\SKG.PRE.csproj", "{6F993C8D-DDD2-4244-8470-8CE44ED2147A}"
EndProject
Project("{FAE04EC0-301F-11D3-BF4B-00C04F79EFBC}") = "SKG.DAL", "SKG.DAL\SKG.DAL.csproj", "{C3C7524A-D919-4585-AC94-E34C0BD17A80}"
EndProject
Project("{FAE04EC0-301F-11D3-BF4B-00C04F79EFBC}") = "SKG.BLL", "SKG.BLL\SKG.BLL.csproj", "{BF36B456-B5EF-4B7B-989A-DC9A289CE55F}"
EndProject
Project("{FAE04EC0-301F-11D3-BF4B-00C04F79EFBC}") = "SKG.UTL", "SKG.UTL\SKG.UTL.csproj", "{24995697-0C20-4261-8623-E977B55AA15E}"
EndProject
Project("{2150E333-8FDC-42A3-9474-1A3956D46DE8}") = "Demo", "Demo", "{1CF7587E-AC65-4FB5-8E43-85BADCA4048D}"
EndProject
Project("{FAE04EC0-301F-11D3-BF4B-00C04F79EFBC}") = "xBXEv1", "xBXEv1\xBXEv1.csproj", "{0B95C36B-D6B5-4611-91D1-9EB991D99CFA}"
EndProject
Project("{2150E333-8FDC-42A3-9474-1A3956D46DE8}") = "BXE", "BXE", "{7E18BA36-7F41-46B1-A87A-37C82FD47E89}"
EndProject
Project("{2150E333-8FDC-42A3-9474-1A3956D46DE8}") = "POS", "POS", "{E570C86B-2B1D-42E0-8389-02BD1BB2056C}"
EndProject
Project("{FAE04EC0-301F-11D3-BF4B-00C04F79EFBC}") = "BXE.DAL", "BXE.DAL\BXE.DAL.csproj", "{214019A7-E8FC-4523-8008-A6DE7F626E8F}"
EndProject
Project("{FAE04EC0-301F-11D3-BF4B-00C04F79EFBC}") = "BXE.BLL", "BXE.BLL\BXE.BLL.csproj", "{5BC8E53E-3300-4B46-A620-22F1DF4E56CF}"
EndProject
Project("{FAE04EC0-301F-11D3-BF4B-00C04F79EFBC}") = "BXE.PRE", "BXE.PRE\BXE.PRE.csproj", "{CD376375-4353-41AA-B427-91226DA19AF7}"
EndProject
Global
	GlobalSection(SolutionConfigurationPlatforms) = preSolution
		Debug|Any CPU = Debug|Any CPU
		Debug|Mixed Platforms = Debug|Mixed Platforms
		Debug|x86 = Debug|x86
		Release|Any CPU = Release|Any CPU
		Release|Mixed Platforms = Release|Mixed Platforms
		Release|x86 = Release|x86
	EndGlobalSection
	GlobalSection(ProjectConfigurationPlatforms) = postSolution
		{6F993C8D-DDD2-4244-8470-8CE44ED2147A}.Debug|Any CPU.ActiveCfg = Debug|x86
		{6F993C8D-DDD2-4244-8470-8CE44ED2147A}.Debug|Mixed Platforms.ActiveCfg = Debug|x86
		{6F993C8D-DDD2-4244-8470-8CE44ED2147A}.Debug|Mixed Platforms.Build.0 = Debug|x86
		{6F993C8D-DDD2-4244-8470-8CE44ED2147A}.Debug|x86.ActiveCfg = Debug|x86
		{6F993C8D-DDD2-4244-8470-8CE44ED2147A}.Debug|x86.Build.0 = Debug|x86
		{6F993C8D-DDD2-4244-8470-8CE44ED2147A}.Release|Any CPU.ActiveCfg = Release|x86
		{6F993C8D-DDD2-4244-8470-8CE44ED2147A}.Release|Mixed Platforms.ActiveCfg = Release|x86
		{6F993C8D-DDD2-4244-8470-8CE44ED2147A}.Release|Mixed Platforms.Build.0 = Release|x86
		{6F993C8D-DDD2-4244-8470-8CE44ED2147A}.Release|x86.ActiveCfg = Release|x86
		{6F993C8D-DDD2-4244-8470-8CE44ED2147A}.Release|x86.Build.0 = Release|x86
		{C3C7524A-D919-4585-AC94-E34C0BD17A80}.Debug|Any CPU.ActiveCfg = Debug|Any CPU
		{C3C7524A-D919-4585-AC94-E34C0BD17A80}.Debug|Any CPU.Build.0 = Debug|Any CPU
		{C3C7524A-D919-4585-AC94-E34C0BD17A80}.Debug|Mixed Platforms.ActiveCfg = Debug|Any CPU
		{C3C7524A-D919-4585-AC94-E34C0BD17A80}.Debug|Mixed Platforms.Build.0 = Debug|Any CPU
		{C3C7524A-D919-4585-AC94-E34C0BD17A80}.Debug|x86.ActiveCfg = Debug|Any CPU
		{C3C7524A-D919-4585-AC94-E34C0BD17A80}.Release|Any CPU.ActiveCfg = Release|Any CPU
		{C3C7524A-D919-4585-AC94-E34C0BD17A80}.Release|Any CPU.Build.0 = Release|Any CPU
		{C3C7524A-D919-4585-AC94-E34C0BD17A80}.Release|Mixed Platforms.ActiveCfg = Release|Any CPU
		{C3C7524A-D919-4585-AC94-E34C0BD17A80}.Release|Mixed Platforms.Build.0 = Release|Any CPU
		{C3C7524A-D919-4585-AC94-E34C0BD17A80}.Release|x86.ActiveCfg = Release|Any CPU
		{BF36B456-B5EF-4B7B-989A-DC9A289CE55F}.Debug|Any CPU.ActiveCfg = Debug|Any CPU
		{BF36B456-B5EF-4B7B-989A-DC9A289CE55F}.Debug|Any CPU.Build.0 = Debug|Any CPU
		{BF36B456-B5EF-4B7B-989A-DC9A289CE55F}.Debug|Mixed Platforms.ActiveCfg = Debug|Any CPU
		{BF36B456-B5EF-4B7B-989A-DC9A289CE55F}.Debug|Mixed Platforms.Build.0 = Debug|Any CPU
		{BF36B456-B5EF-4B7B-989A-DC9A289CE55F}.Debug|x86.ActiveCfg = Debug|Any CPU
		{BF36B456-B5EF-4B7B-989A-DC9A289CE55F}.Release|Any CPU.ActiveCfg = Release|Any CPU
		{BF36B456-B5EF-4B7B-989A-DC9A289CE55F}.Release|Any CPU.Build.0 = Release|Any CPU
		{BF36B456-B5EF-4B7B-989A-DC9A289CE55F}.Release|Mixed Platforms.ActiveCfg = Release|Any CPU
		{BF36B456-B5EF-4B7B-989A-DC9A289CE55F}.Release|Mixed Platforms.Build.0 = Release|Any CPU
		{BF36B456-B5EF-4B7B-989A-DC9A289CE55F}.Release|x86.ActiveCfg = Release|Any CPU
		{24995697-0C20-4261-8623-E977B55AA15E}.Debug|Any CPU.ActiveCfg = Debug|Any CPU
		{24995697-0C20-4261-8623-E977B55AA15E}.Debug|Any CPU.Build.0 = Debug|Any CPU
		{24995697-0C20-4261-8623-E977B55AA15E}.Debug|Mixed Platforms.ActiveCfg = Debug|Any CPU
		{24995697-0C20-4261-8623-E977B55AA15E}.Debug|Mixed Platforms.Build.0 = Debug|Any CPU
		{24995697-0C20-4261-8623-E977B55AA15E}.Debug|x86.ActiveCfg = Debug|Any CPU
		{24995697-0C20-4261-8623-E977B55AA15E}.Release|Any CPU.ActiveCfg = Release|Any CPU
		{24995697-0C20-4261-8623-E977B55AA15E}.Release|Any CPU.Build.0 = Release|Any CPU
		{24995697-0C20-4261-8623-E977B55AA15E}.Release|Mixed Platforms.ActiveCfg = Release|Any CPU
		{24995697-0C20-4261-8623-E977B55AA15E}.Release|Mixed Platforms.Build.0 = Release|Any CPU
		{24995697-0C20-4261-8623-E977B55AA15E}.Release|x86.ActiveCfg = Release|Any CPU
		{0B95C36B-D6B5-4611-91D1-9EB991D99CFA}.Debug|Any CPU.ActiveCfg = Debug|Any CPU
		{0B95C36B-D6B5-4611-91D1-9EB991D99CFA}.Debug|Any CPU.Build.0 = Debug|Any CPU
		{0B95C36B-D6B5-4611-91D1-9EB991D99CFA}.Debug|Mixed Platforms.ActiveCfg = Debug|Any CPU
		{0B95C36B-D6B5-4611-91D1-9EB991D99CFA}.Debug|Mixed Platforms.Build.0 = Debug|Any CPU
		{0B95C36B-D6B5-4611-91D1-9EB991D99CFA}.Debug|x86.ActiveCfg = Debug|Any CPU
		{0B95C36B-D6B5-4611-91D1-9EB991D99CFA}.Release|Any CPU.ActiveCfg = Release|Any CPU
		{0B95C36B-D6B5-4611-91D1-9EB991D99CFA}.Release|Any CPU.Build.0 = Release|Any CPU
		{0B95C36B-D6B5-4611-91D1-9EB991D99CFA}.Release|Mixed Platforms.ActiveCfg = Release|Any CPU
		{0B95C36B-D6B5-4611-91D1-9EB991D99CFA}.Release|Mixed Platforms.Build.0 = Release|Any CPU
		{0B95C36B-D6B5-4611-91D1-9EB991D99CFA}.Release|x86.ActiveCfg = Release|Any CPU
		{214019A7-E8FC-4523-8008-A6DE7F626E8F}.Debug|Any CPU.ActiveCfg = Debug|Any CPU
		{214019A7-E8FC-4523-8008-A6DE7F626E8F}.Debug|Any CPU.Build.0 = Debug|Any CPU
		{214019A7-E8FC-4523-8008-A6DE7F626E8F}.Debug|Mixed Platforms.ActiveCfg = Debug|Any CPU
		{214019A7-E8FC-4523-8008-A6DE7F626E8F}.Debug|Mixed Platforms.Build.0 = Debug|Any CPU
		{214019A7-E8FC-4523-8008-A6DE7F626E8F}.Debug|x86.ActiveCfg = Debug|Any CPU
		{214019A7-E8FC-4523-8008-A6DE7F626E8F}.Release|Any CPU.ActiveCfg = Release|Any CPU
		{214019A7-E8FC-4523-8008-A6DE7F626E8F}.Release|Any CPU.Build.0 = Release|Any CPU
		{214019A7-E8FC-4523-8008-A6DE7F626E8F}.Release|Mixed Platforms.ActiveCfg = Release|Any CPU
		{214019A7-E8FC-4523-8008-A6DE7F626E8F}.Release|Mixed Platforms.Build.0 = Release|Any CPU
		{214019A7-E8FC-4523-8008-A6DE7F626E8F}.Release|x86.ActiveCfg = Release|Any CPU
		{5BC8E53E-3300-4B46-A620-22F1DF4E56CF}.Debug|Any CPU.ActiveCfg = Debug|Any CPU
		{5BC8E53E-3300-4B46-A620-22F1DF4E56CF}.Debug|Any CPU.Build.0 = Debug|Any CPU
		{5BC8E53E-3300-4B46-A620-22F1DF4E56CF}.Debug|Mixed Platforms.ActiveCfg = Debug|Any CPU
		{5BC8E53E-3300-4B46-A620-22F1DF4E56CF}.Debug|Mixed Platforms.Build.0 = Debug|Any CPU
		{5BC8E53E-3300-4B46-A620-22F1DF4E56CF}.Debug|x86.ActiveCfg = Debug|Any CPU
		{5BC8E53E-3300-4B46-A620-22F1DF4E56CF}.Release|Any CPU.ActiveCfg = Release|Any CPU
		{5BC8E53E-3300-4B46-A620-22F1DF4E56CF}.Release|Any CPU.Build.0 = Release|Any CPU
		{5BC8E53E-3300-4B46-A620-22F1DF4E56CF}.Release|Mixed Platforms.ActiveCfg = Release|Any CPU
		{5BC8E53E-3300-4B46-A620-22F1DF4E56CF}.Release|Mixed Platforms.Build.0 = Release|Any CPU
		{5BC8E53E-3300-4B46-A620-22F1DF4E56CF}.Release|x86.ActiveCfg = Release|Any CPU
		{CD376375-4353-41AA-B427-91226DA19AF7}.Debug|Any CPU.ActiveCfg = Debug|Any CPU
		{CD376375-4353-41AA-B427-91226DA19AF7}.Debug|Any CPU.Build.0 = Debug|Any CPU
		{CD376375-4353-41AA-B427-91226DA19AF7}.Debug|Mixed Platforms.ActiveCfg = Debug|Any CPU
		{CD376375-4353-41AA-B427-91226DA19AF7}.Debug|Mixed Platforms.Build.0 = Debug|Any CPU
		{CD376375-4353-41AA-B427-91226DA19AF7}.Debug|x86.ActiveCfg = Debug|Any CPU
		{CD376375-4353-41AA-B427-91226DA19AF7}.Release|Any CPU.ActiveCfg = Release|Any CPU
		{CD376375-4353-41AA-B427-91226DA19AF7}.Release|Any CPU.Build.0 = Release|Any CPU
		{CD376375-4353-41AA-B427-91226DA19AF7}.Release|Mixed Platforms.ActiveCfg = Release|Any CPU
		{CD376375-4353-41AA-B427-91226DA19AF7}.Release|Mixed Platforms.Build.0 = Release|Any CPU
		{CD376375-4353-41AA-B427-91226DA19AF7}.Release|x86.ActiveCfg = Release|Any CPU
	EndGlobalSection
	GlobalSection(SolutionProperties) = preSolution
		HideSolutionNode = FALSE
	EndGlobalSection
	GlobalSection(NestedProjects) = preSolution
		{0B95C36B-D6B5-4611-91D1-9EB991D99CFA} = {1CF7587E-AC65-4FB5-8E43-85BADCA4048D}
		{214019A7-E8FC-4523-8008-A6DE7F626E8F} = {7E18BA36-7F41-46B1-A87A-37C82FD47E89}
		{5BC8E53E-3300-4B46-A620-22F1DF4E56CF} = {7E18BA36-7F41-46B1-A87A-37C82FD47E89}
		{CD376375-4353-41AA-B427-91226DA19AF7} = {7E18BA36-7F41-46B1-A87A-37C82FD47E89}
	EndGlobalSection
	GlobalSection(ExtensibilityGlobals) = postSolution
		VisualSVNWorkingCopyRoot = .
	EndGlobalSection
EndGlobal
