
Microsoft Visual Studio Solution File, Format Version 11.00
# Visual Studio 2010
Project("{FAE04EC0-301F-11D3-BF4B-00C04F79EFBC}") = "SKG.PRE", "SKG.PRE\SKG.PRE.csproj", "{DA703336-4C7E-434D-B533-2E356D9A4BA0}"
EndProject
Project("{FAE04EC0-301F-11D3-BF4B-00C04F79EFBC}") = "SKG.UTL", "SKG.UTL\SKG.UTL.csproj", "{E23FDF8E-3FC9-46DD-8222-95779F4D3369}"
EndProject
Project("{FAE04EC0-301F-11D3-BF4B-00C04F79EFBC}") = "SKG.DAL", "SKG.DAL\SKG.DAL.csproj", "{4DFC069A-A00D-4D24-94BC-BDA69C44E7EF}"
EndProject
Project("{FAE04EC0-301F-11D3-BF4B-00C04F79EFBC}") = "SKG.BLL", "SKG.BLL\SKG.BLL.csproj", "{4BEFA61D-5D5B-4CAC-8118-824E60D16100}"
EndProject
Project("{2150E333-8FDC-42A3-9474-1A3956D46DE8}") = "BXE", "BXE", "{ACDE636A-8537-4CCB-83C8-E735A95D7D52}"
EndProject
Global
	GlobalSection(SolutionConfigurationPlatforms) = preSolution
		Debug|Any CPU = Debug|Any CPU
		Release|Any CPU = Release|Any CPU
	EndGlobalSection
	GlobalSection(ProjectConfigurationPlatforms) = postSolution
		{DA703336-4C7E-434D-B533-2E356D9A4BA0}.Debug|Any CPU.ActiveCfg = Debug|Any CPU
		{DA703336-4C7E-434D-B533-2E356D9A4BA0}.Debug|Any CPU.Build.0 = Debug|Any CPU
		{DA703336-4C7E-434D-B533-2E356D9A4BA0}.Release|Any CPU.ActiveCfg = Release|Any CPU
		{DA703336-4C7E-434D-B533-2E356D9A4BA0}.Release|Any CPU.Build.0 = Release|Any CPU
		{E23FDF8E-3FC9-46DD-8222-95779F4D3369}.Debug|Any CPU.ActiveCfg = Debug|Any CPU
		{E23FDF8E-3FC9-46DD-8222-95779F4D3369}.Debug|Any CPU.Build.0 = Debug|Any CPU
		{E23FDF8E-3FC9-46DD-8222-95779F4D3369}.Release|Any CPU.ActiveCfg = Release|Any CPU
		{E23FDF8E-3FC9-46DD-8222-95779F4D3369}.Release|Any CPU.Build.0 = Release|Any CPU
		{4DFC069A-A00D-4D24-94BC-BDA69C44E7EF}.Debug|Any CPU.ActiveCfg = Debug|Any CPU
		{4DFC069A-A00D-4D24-94BC-BDA69C44E7EF}.Debug|Any CPU.Build.0 = Debug|Any CPU
		{4DFC069A-A00D-4D24-94BC-BDA69C44E7EF}.Release|Any CPU.ActiveCfg = Release|Any CPU
		{4DFC069A-A00D-4D24-94BC-BDA69C44E7EF}.Release|Any CPU.Build.0 = Release|Any CPU
		{4BEFA61D-5D5B-4CAC-8118-824E60D16100}.Debug|Any CPU.ActiveCfg = Debug|Any CPU
		{4BEFA61D-5D5B-4CAC-8118-824E60D16100}.Debug|Any CPU.Build.0 = Debug|Any CPU
		{4BEFA61D-5D5B-4CAC-8118-824E60D16100}.Release|Any CPU.ActiveCfg = Release|Any CPU
		{4BEFA61D-5D5B-4CAC-8118-824E60D16100}.Release|Any CPU.Build.0 = Release|Any CPU
	EndGlobalSection
	GlobalSection(SolutionProperties) = preSolution
		HideSolutionNode = FALSE
	EndGlobalSection
	GlobalSection(ExtensibilityGlobals) = postSolution
		VisualSVNWorkingCopyRoot = .
	EndGlobalSection
EndGlobal
