
Microsoft Visual Studio Solution File, Format Version 11.00
# Visual Studio 2010
Project("{FAE04EC0-301F-11D3-BF4B-00C04F79EFBC}") = "SKG.BXE", "SKG.BXE\SKG.BXE.csproj", "{E383C756-3394-4CDD-B95C-1114F497EA84}"
EndProject
Project("{FAE04EC0-301F-11D3-BF4B-00C04F79EFBC}") = "SKG", "SKG\SKG.csproj", "{00783F3D-E04D-4E1E-97E7-7BE20ACACB14}"
EndProject
Project("{2150E333-8FDC-42A3-9474-1A3956D46DE8}") = "POS", "POS", "{2E52B3C1-FFE7-4004-B8A6-4DF88F9B5196}"
EndProject
Project("{2150E333-8FDC-42A3-9474-1A3956D46DE8}") = "BXE", "BXE", "{716C524A-628D-4DF3-91E3-5BAF7633C44E}"
EndProject
Project("{FAE04EC0-301F-11D3-BF4B-00C04F79EFBC}") = "SKG.WFA", "SKG.WFA\SKG.WFA.csproj", "{FA043533-0F92-4F93-992D-36102F0E6DB7}"
EndProject
Project("{FAE04EC0-301F-11D3-BF4B-00C04F79EFBC}") = "SKG.DXW", "SKG.DXW\SKG.DXW.csproj", "{136B672C-47CC-476B-A646-2A3153929BB8}"
EndProject
Project("{FAE04EC0-301F-11D3-BF4B-00C04F79EFBC}") = "POS", "PLG\POS\POS.csproj", "{391F8238-469F-4379-AEB6-27E1BAF27BF6}"
EndProject
Project("{FAE04EC0-301F-11D3-BF4B-00C04F79EFBC}") = "BXE.PRE", "PLG\BXE.PRE\BXE.PRE.csproj", "{07C0010C-0F3A-44F5-BC9A-8AB15C163D9F}"
EndProject
Project("{FAE04EC0-301F-11D3-BF4B-00C04F79EFBC}") = "BXE.DAL", "PLG\BXE.DAL\BXE.DAL.csproj", "{7D59A747-CBE0-4860-945B-D23B3F9C71B3}"
EndProject
Project("{FAE04EC0-301F-11D3-BF4B-00C04F79EFBC}") = "BXE.BLL", "PLG\BXE.BLL\BXE.BLL.csproj", "{CA23C864-4F29-48B9-B0F6-364B855DF4AC}"
EndProject
Global
	GlobalSection(SolutionConfigurationPlatforms) = preSolution
		Debug|Any CPU = Debug|Any CPU
		Debug|Mixed Platforms = Debug|Mixed Platforms
		Debug|x86 = Debug|x86
		Release|Any CPU = Release|Any CPU
		Release|Mixed Platforms = Release|Mixed Platforms
		Release|x86 = Release|x86
	EndGlobalSection
	GlobalSection(ProjectConfigurationPlatforms) = postSolution
		{E383C756-3394-4CDD-B95C-1114F497EA84}.Debug|Any CPU.ActiveCfg = Debug|x86
		{E383C756-3394-4CDD-B95C-1114F497EA84}.Debug|Mixed Platforms.ActiveCfg = Debug|x86
		{E383C756-3394-4CDD-B95C-1114F497EA84}.Debug|Mixed Platforms.Build.0 = Debug|x86
		{E383C756-3394-4CDD-B95C-1114F497EA84}.Debug|x86.ActiveCfg = Debug|x86
		{E383C756-3394-4CDD-B95C-1114F497EA84}.Debug|x86.Build.0 = Debug|x86
		{E383C756-3394-4CDD-B95C-1114F497EA84}.Release|Any CPU.ActiveCfg = Release|x86
		{E383C756-3394-4CDD-B95C-1114F497EA84}.Release|Mixed Platforms.ActiveCfg = Release|x86
		{E383C756-3394-4CDD-B95C-1114F497EA84}.Release|Mixed Platforms.Build.0 = Release|x86
		{E383C756-3394-4CDD-B95C-1114F497EA84}.Release|x86.ActiveCfg = Release|x86
		{E383C756-3394-4CDD-B95C-1114F497EA84}.Release|x86.Build.0 = Release|x86
		{00783F3D-E04D-4E1E-97E7-7BE20ACACB14}.Debug|Any CPU.ActiveCfg = Debug|Any CPU
		{00783F3D-E04D-4E1E-97E7-7BE20ACACB14}.Debug|Any CPU.Build.0 = Debug|Any CPU
		{00783F3D-E04D-4E1E-97E7-7BE20ACACB14}.Debug|Mixed Platforms.ActiveCfg = Debug|Any CPU
		{00783F3D-E04D-4E1E-97E7-7BE20ACACB14}.Debug|Mixed Platforms.Build.0 = Debug|Any CPU
		{00783F3D-E04D-4E1E-97E7-7BE20ACACB14}.Debug|x86.ActiveCfg = Debug|Any CPU
		{00783F3D-E04D-4E1E-97E7-7BE20ACACB14}.Release|Any CPU.ActiveCfg = Release|Any CPU
		{00783F3D-E04D-4E1E-97E7-7BE20ACACB14}.Release|Any CPU.Build.0 = Release|Any CPU
		{00783F3D-E04D-4E1E-97E7-7BE20ACACB14}.Release|Mixed Platforms.ActiveCfg = Release|Any CPU
		{00783F3D-E04D-4E1E-97E7-7BE20ACACB14}.Release|Mixed Platforms.Build.0 = Release|Any CPU
		{00783F3D-E04D-4E1E-97E7-7BE20ACACB14}.Release|x86.ActiveCfg = Release|Any CPU
		{FA043533-0F92-4F93-992D-36102F0E6DB7}.Debug|Any CPU.ActiveCfg = Debug|x86
		{FA043533-0F92-4F93-992D-36102F0E6DB7}.Debug|Mixed Platforms.ActiveCfg = Debug|x86
		{FA043533-0F92-4F93-992D-36102F0E6DB7}.Debug|Mixed Platforms.Build.0 = Debug|x86
		{FA043533-0F92-4F93-992D-36102F0E6DB7}.Debug|x86.ActiveCfg = Debug|x86
		{FA043533-0F92-4F93-992D-36102F0E6DB7}.Debug|x86.Build.0 = Debug|x86
		{FA043533-0F92-4F93-992D-36102F0E6DB7}.Release|Any CPU.ActiveCfg = Release|x86
		{FA043533-0F92-4F93-992D-36102F0E6DB7}.Release|Mixed Platforms.ActiveCfg = Release|x86
		{FA043533-0F92-4F93-992D-36102F0E6DB7}.Release|Mixed Platforms.Build.0 = Release|x86
		{FA043533-0F92-4F93-992D-36102F0E6DB7}.Release|x86.ActiveCfg = Release|x86
		{FA043533-0F92-4F93-992D-36102F0E6DB7}.Release|x86.Build.0 = Release|x86
		{136B672C-47CC-476B-A646-2A3153929BB8}.Debug|Any CPU.ActiveCfg = Debug|Any CPU
		{136B672C-47CC-476B-A646-2A3153929BB8}.Debug|Any CPU.Build.0 = Debug|Any CPU
		{136B672C-47CC-476B-A646-2A3153929BB8}.Debug|Mixed Platforms.ActiveCfg = Debug|Any CPU
		{136B672C-47CC-476B-A646-2A3153929BB8}.Debug|Mixed Platforms.Build.0 = Debug|Any CPU
		{136B672C-47CC-476B-A646-2A3153929BB8}.Debug|x86.ActiveCfg = Debug|Any CPU
		{136B672C-47CC-476B-A646-2A3153929BB8}.Release|Any CPU.ActiveCfg = Release|Any CPU
		{136B672C-47CC-476B-A646-2A3153929BB8}.Release|Any CPU.Build.0 = Release|Any CPU
		{136B672C-47CC-476B-A646-2A3153929BB8}.Release|Mixed Platforms.ActiveCfg = Release|Any CPU
		{136B672C-47CC-476B-A646-2A3153929BB8}.Release|Mixed Platforms.Build.0 = Release|Any CPU
		{136B672C-47CC-476B-A646-2A3153929BB8}.Release|x86.ActiveCfg = Release|Any CPU
		{391F8238-469F-4379-AEB6-27E1BAF27BF6}.Debug|Any CPU.ActiveCfg = Debug|Any CPU
		{391F8238-469F-4379-AEB6-27E1BAF27BF6}.Debug|Any CPU.Build.0 = Debug|Any CPU
		{391F8238-469F-4379-AEB6-27E1BAF27BF6}.Debug|Mixed Platforms.ActiveCfg = Debug|Any CPU
		{391F8238-469F-4379-AEB6-27E1BAF27BF6}.Debug|Mixed Platforms.Build.0 = Debug|Any CPU
		{391F8238-469F-4379-AEB6-27E1BAF27BF6}.Debug|x86.ActiveCfg = Debug|Any CPU
		{391F8238-469F-4379-AEB6-27E1BAF27BF6}.Release|Any CPU.ActiveCfg = Release|Any CPU
		{391F8238-469F-4379-AEB6-27E1BAF27BF6}.Release|Any CPU.Build.0 = Release|Any CPU
		{391F8238-469F-4379-AEB6-27E1BAF27BF6}.Release|Mixed Platforms.ActiveCfg = Release|Any CPU
		{391F8238-469F-4379-AEB6-27E1BAF27BF6}.Release|Mixed Platforms.Build.0 = Release|Any CPU
		{391F8238-469F-4379-AEB6-27E1BAF27BF6}.Release|x86.ActiveCfg = Release|Any CPU
		{07C0010C-0F3A-44F5-BC9A-8AB15C163D9F}.Debug|Any CPU.ActiveCfg = Debug|x86
		{07C0010C-0F3A-44F5-BC9A-8AB15C163D9F}.Debug|Mixed Platforms.ActiveCfg = Debug|x86
		{07C0010C-0F3A-44F5-BC9A-8AB15C163D9F}.Debug|Mixed Platforms.Build.0 = Debug|x86
		{07C0010C-0F3A-44F5-BC9A-8AB15C163D9F}.Debug|x86.ActiveCfg = Debug|x86
		{07C0010C-0F3A-44F5-BC9A-8AB15C163D9F}.Debug|x86.Build.0 = Debug|x86
		{07C0010C-0F3A-44F5-BC9A-8AB15C163D9F}.Release|Any CPU.ActiveCfg = Release|x86
		{07C0010C-0F3A-44F5-BC9A-8AB15C163D9F}.Release|Mixed Platforms.ActiveCfg = Release|x86
		{07C0010C-0F3A-44F5-BC9A-8AB15C163D9F}.Release|Mixed Platforms.Build.0 = Release|x86
		{07C0010C-0F3A-44F5-BC9A-8AB15C163D9F}.Release|x86.ActiveCfg = Release|x86
		{07C0010C-0F3A-44F5-BC9A-8AB15C163D9F}.Release|x86.Build.0 = Release|x86
		{7D59A747-CBE0-4860-945B-D23B3F9C71B3}.Debug|Any CPU.ActiveCfg = Debug|Any CPU
		{7D59A747-CBE0-4860-945B-D23B3F9C71B3}.Debug|Any CPU.Build.0 = Debug|Any CPU
		{7D59A747-CBE0-4860-945B-D23B3F9C71B3}.Debug|Mixed Platforms.ActiveCfg = Debug|Any CPU
		{7D59A747-CBE0-4860-945B-D23B3F9C71B3}.Debug|Mixed Platforms.Build.0 = Debug|Any CPU
		{7D59A747-CBE0-4860-945B-D23B3F9C71B3}.Debug|x86.ActiveCfg = Debug|Any CPU
		{7D59A747-CBE0-4860-945B-D23B3F9C71B3}.Release|Any CPU.ActiveCfg = Release|Any CPU
		{7D59A747-CBE0-4860-945B-D23B3F9C71B3}.Release|Any CPU.Build.0 = Release|Any CPU
		{7D59A747-CBE0-4860-945B-D23B3F9C71B3}.Release|Mixed Platforms.ActiveCfg = Release|Any CPU
		{7D59A747-CBE0-4860-945B-D23B3F9C71B3}.Release|Mixed Platforms.Build.0 = Release|Any CPU
		{7D59A747-CBE0-4860-945B-D23B3F9C71B3}.Release|x86.ActiveCfg = Release|Any CPU
		{CA23C864-4F29-48B9-B0F6-364B855DF4AC}.Debug|Any CPU.ActiveCfg = Debug|Any CPU
		{CA23C864-4F29-48B9-B0F6-364B855DF4AC}.Debug|Any CPU.Build.0 = Debug|Any CPU
		{CA23C864-4F29-48B9-B0F6-364B855DF4AC}.Debug|Mixed Platforms.ActiveCfg = Debug|Any CPU
		{CA23C864-4F29-48B9-B0F6-364B855DF4AC}.Debug|Mixed Platforms.Build.0 = Debug|Any CPU
		{CA23C864-4F29-48B9-B0F6-364B855DF4AC}.Debug|x86.ActiveCfg = Debug|Any CPU
		{CA23C864-4F29-48B9-B0F6-364B855DF4AC}.Release|Any CPU.ActiveCfg = Release|Any CPU
		{CA23C864-4F29-48B9-B0F6-364B855DF4AC}.Release|Any CPU.Build.0 = Release|Any CPU
		{CA23C864-4F29-48B9-B0F6-364B855DF4AC}.Release|Mixed Platforms.ActiveCfg = Release|Any CPU
		{CA23C864-4F29-48B9-B0F6-364B855DF4AC}.Release|Mixed Platforms.Build.0 = Release|Any CPU
		{CA23C864-4F29-48B9-B0F6-364B855DF4AC}.Release|x86.ActiveCfg = Release|Any CPU
	EndGlobalSection
	GlobalSection(SolutionProperties) = preSolution
		HideSolutionNode = FALSE
	EndGlobalSection
	GlobalSection(NestedProjects) = preSolution
		{391F8238-469F-4379-AEB6-27E1BAF27BF6} = {2E52B3C1-FFE7-4004-B8A6-4DF88F9B5196}
		{07C0010C-0F3A-44F5-BC9A-8AB15C163D9F} = {716C524A-628D-4DF3-91E3-5BAF7633C44E}
		{7D59A747-CBE0-4860-945B-D23B3F9C71B3} = {716C524A-628D-4DF3-91E3-5BAF7633C44E}
		{CA23C864-4F29-48B9-B0F6-364B855DF4AC} = {716C524A-628D-4DF3-91E3-5BAF7633C44E}
	EndGlobalSection
	GlobalSection(ExtensibilityGlobals) = postSolution
		VisualSVNWorkingCopyRoot = .
	EndGlobalSection
EndGlobal
