
Microsoft Visual Studio Solution File, Format Version 11.00
# Visual Studio 2010
Project("{FAE04EC0-301F-11D3-BF4B-00C04F79EFBC}") = "PRE", "PRE\PRE.csproj", "{4F3ED7D8-1DE0-49FA-B52B-38A1DDEA5D86}"
EndProject
Project("{FAE04EC0-301F-11D3-BF4B-00C04F79EFBC}") = "UTL", "UTL\UTL.csproj", "{5F9AFA4E-1850-4E0A-B54C-E5B73CBB0269}"
EndProject
Project("{FAE04EC0-301F-11D3-BF4B-00C04F79EFBC}") = "DAL", "DAL\DAL.csproj", "{23B62260-F90A-4613-B650-BA0CFA711A24}"
EndProject
Project("{FAE04EC0-301F-11D3-BF4B-00C04F79EFBC}") = "BLL", "BLL\BLL.csproj", "{41FCC340-A1C9-4FE0-A29A-3D7F070C04AA}"
EndProject
Global
	GlobalSection(SolutionConfigurationPlatforms) = preSolution
		Debug|Any CPU = Debug|Any CPU
		Debug|Mixed Platforms = Debug|Mixed Platforms
		Debug|x86 = Debug|x86
		Release|Any CPU = Release|Any CPU
		Release|Mixed Platforms = Release|Mixed Platforms
		Release|x86 = Release|x86
	EndGlobalSection
	GlobalSection(ProjectConfigurationPlatforms) = postSolution
		{4F3ED7D8-1DE0-49FA-B52B-38A1DDEA5D86}.Debug|Any CPU.ActiveCfg = Debug|x86
		{4F3ED7D8-1DE0-49FA-B52B-38A1DDEA5D86}.Debug|Mixed Platforms.ActiveCfg = Debug|x86
		{4F3ED7D8-1DE0-49FA-B52B-38A1DDEA5D86}.Debug|Mixed Platforms.Build.0 = Debug|x86
		{4F3ED7D8-1DE0-49FA-B52B-38A1DDEA5D86}.Debug|x86.ActiveCfg = Debug|x86
		{4F3ED7D8-1DE0-49FA-B52B-38A1DDEA5D86}.Debug|x86.Build.0 = Debug|x86
		{4F3ED7D8-1DE0-49FA-B52B-38A1DDEA5D86}.Release|Any CPU.ActiveCfg = Release|x86
		{4F3ED7D8-1DE0-49FA-B52B-38A1DDEA5D86}.Release|Mixed Platforms.ActiveCfg = Release|x86
		{4F3ED7D8-1DE0-49FA-B52B-38A1DDEA5D86}.Release|Mixed Platforms.Build.0 = Release|x86
		{4F3ED7D8-1DE0-49FA-B52B-38A1DDEA5D86}.Release|x86.ActiveCfg = Release|x86
		{4F3ED7D8-1DE0-49FA-B52B-38A1DDEA5D86}.Release|x86.Build.0 = Release|x86
		{5F9AFA4E-1850-4E0A-B54C-E5B73CBB0269}.Debug|Any CPU.ActiveCfg = Debug|Any CPU
		{5F9AFA4E-1850-4E0A-B54C-E5B73CBB0269}.Debug|Any CPU.Build.0 = Debug|Any CPU
		{5F9AFA4E-1850-4E0A-B54C-E5B73CBB0269}.Debug|Mixed Platforms.ActiveCfg = Debug|Any CPU
		{5F9AFA4E-1850-4E0A-B54C-E5B73CBB0269}.Debug|Mixed Platforms.Build.0 = Debug|Any CPU
		{5F9AFA4E-1850-4E0A-B54C-E5B73CBB0269}.Debug|x86.ActiveCfg = Debug|Any CPU
		{5F9AFA4E-1850-4E0A-B54C-E5B73CBB0269}.Release|Any CPU.ActiveCfg = Release|Any CPU
		{5F9AFA4E-1850-4E0A-B54C-E5B73CBB0269}.Release|Any CPU.Build.0 = Release|Any CPU
		{5F9AFA4E-1850-4E0A-B54C-E5B73CBB0269}.Release|Mixed Platforms.ActiveCfg = Release|Any CPU
		{5F9AFA4E-1850-4E0A-B54C-E5B73CBB0269}.Release|Mixed Platforms.Build.0 = Release|Any CPU
		{5F9AFA4E-1850-4E0A-B54C-E5B73CBB0269}.Release|x86.ActiveCfg = Release|Any CPU
		{23B62260-F90A-4613-B650-BA0CFA711A24}.Debug|Any CPU.ActiveCfg = Debug|Any CPU
		{23B62260-F90A-4613-B650-BA0CFA711A24}.Debug|Any CPU.Build.0 = Debug|Any CPU
		{23B62260-F90A-4613-B650-BA0CFA711A24}.Debug|Mixed Platforms.ActiveCfg = Debug|Any CPU
		{23B62260-F90A-4613-B650-BA0CFA711A24}.Debug|Mixed Platforms.Build.0 = Debug|Any CPU
		{23B62260-F90A-4613-B650-BA0CFA711A24}.Debug|x86.ActiveCfg = Debug|Any CPU
		{23B62260-F90A-4613-B650-BA0CFA711A24}.Release|Any CPU.ActiveCfg = Release|Any CPU
		{23B62260-F90A-4613-B650-BA0CFA711A24}.Release|Any CPU.Build.0 = Release|Any CPU
		{23B62260-F90A-4613-B650-BA0CFA711A24}.Release|Mixed Platforms.ActiveCfg = Release|Any CPU
		{23B62260-F90A-4613-B650-BA0CFA711A24}.Release|Mixed Platforms.Build.0 = Release|Any CPU
		{23B62260-F90A-4613-B650-BA0CFA711A24}.Release|x86.ActiveCfg = Release|Any CPU
		{41FCC340-A1C9-4FE0-A29A-3D7F070C04AA}.Debug|Any CPU.ActiveCfg = Debug|Any CPU
		{41FCC340-A1C9-4FE0-A29A-3D7F070C04AA}.Debug|Any CPU.Build.0 = Debug|Any CPU
		{41FCC340-A1C9-4FE0-A29A-3D7F070C04AA}.Debug|Mixed Platforms.ActiveCfg = Debug|Any CPU
		{41FCC340-A1C9-4FE0-A29A-3D7F070C04AA}.Debug|Mixed Platforms.Build.0 = Debug|Any CPU
		{41FCC340-A1C9-4FE0-A29A-3D7F070C04AA}.Debug|x86.ActiveCfg = Debug|Any CPU
		{41FCC340-A1C9-4FE0-A29A-3D7F070C04AA}.Release|Any CPU.ActiveCfg = Release|Any CPU
		{41FCC340-A1C9-4FE0-A29A-3D7F070C04AA}.Release|Any CPU.Build.0 = Release|Any CPU
		{41FCC340-A1C9-4FE0-A29A-3D7F070C04AA}.Release|Mixed Platforms.ActiveCfg = Release|Any CPU
		{41FCC340-A1C9-4FE0-A29A-3D7F070C04AA}.Release|Mixed Platforms.Build.0 = Release|Any CPU
		{41FCC340-A1C9-4FE0-A29A-3D7F070C04AA}.Release|x86.ActiveCfg = Release|Any CPU
	EndGlobalSection
	GlobalSection(SolutionProperties) = preSolution
		HideSolutionNode = FALSE
	EndGlobalSection
	GlobalSection(ExtensibilityGlobals) = postSolution
		VisualSVNWorkingCopyRoot = .
	EndGlobalSection
EndGlobal
