
Microsoft Visual Studio Solution File, Format Version 11.00
# Visual Studio 2010
Project("{FAE04EC0-301F-11D3-BF4B-00C04F79EFBC}") = "SKG.PRE", "SKG.PRE\SKG.PRE.csproj", "{97B62ED4-5347-4F27-AA60-9BFE5B50ABD0}"
EndProject
Project("{FAE04EC0-301F-11D3-BF4B-00C04F79EFBC}") = "SKG", "SKG\SKG.csproj", "{26D6AC46-1976-4B04-9FD3-2FFFF09486B4}"
EndProject
Project("{FAE04EC0-301F-11D3-BF4B-00C04F79EFBC}") = "SKG.GUI", "SKG.GUI\SKG.GUI.csproj", "{4FDBD874-6B23-49F0-9217-907BB038A5B1}"
EndProject
Project("{2150E333-8FDC-42A3-9474-1A3956D46DE8}") = "POS", "POS", "{5B173E78-B157-48C9-8CDC-D73BD1D369BF}"
EndProject
Project("{2150E333-8FDC-42A3-9474-1A3956D46DE8}") = "BXE", "BXE", "{55F0DC4E-2262-4DD4-933D-D0E970D2CF52}"
EndProject
Project("{FAE04EC0-301F-11D3-BF4B-00C04F79EFBC}") = "POS", "PLG\POS\POS.csproj", "{391F8238-469F-4379-AEB6-27E1BAF27BF6}"
EndProject
Project("{FAE04EC0-301F-11D3-BF4B-00C04F79EFBC}") = "BXE.PRE", "PLG\BXE.PRE\BXE.PRE.csproj", "{07C0010C-0F3A-44F5-BC9A-8AB15C163D9F}"
EndProject
Project("{FAE04EC0-301F-11D3-BF4B-00C04F79EFBC}") = "BXE.DAL", "PLG\BXE.DAL\BXE.DAL.csproj", "{7D59A747-CBE0-4860-945B-D23B3F9C71B3}"
EndProject
Project("{FAE04EC0-301F-11D3-BF4B-00C04F79EFBC}") = "BXE.BLL", "PLG\BXE.BLL\BXE.BLL.csproj", "{CA23C864-4F29-48B9-B0F6-364B855DF4AC}"
EndProject
Project("{2150E333-8FDC-42A3-9474-1A3956D46DE8}") = "POL", "POL", "{85822F2C-B369-4F63-A14E-3D5F2DB0F584}"
EndProject
Project("{FAE04EC0-301F-11D3-BF4B-00C04F79EFBC}") = "SKG.DAL", "PLG\POL\SKG.DAL\SKG.DAL.csproj", "{47E8C059-3656-444A-9F73-67AA8B86D422}"
EndProject
Project("{FAE04EC0-301F-11D3-BF4B-00C04F79EFBC}") = "SKG.BLL", "PLG\POL\SKG.BLL\SKG.BLL.csproj", "{757CDE86-775D-40AB-9186-EB6282D76915}"
EndProject
Global
	GlobalSection(SolutionConfigurationPlatforms) = preSolution
		Debug|Any CPU = Debug|Any CPU
		Debug|Mixed Platforms = Debug|Mixed Platforms
		Debug|x86 = Debug|x86
		Release|Any CPU = Release|Any CPU
		Release|Mixed Platforms = Release|Mixed Platforms
		Release|x86 = Release|x86
	EndGlobalSection
	GlobalSection(ProjectConfigurationPlatforms) = postSolution
		{97B62ED4-5347-4F27-AA60-9BFE5B50ABD0}.Debug|Any CPU.ActiveCfg = Debug|Any CPU
		{97B62ED4-5347-4F27-AA60-9BFE5B50ABD0}.Debug|Any CPU.Build.0 = Debug|Any CPU
		{97B62ED4-5347-4F27-AA60-9BFE5B50ABD0}.Debug|Mixed Platforms.ActiveCfg = Debug|Any CPU
		{97B62ED4-5347-4F27-AA60-9BFE5B50ABD0}.Debug|Mixed Platforms.Build.0 = Debug|Any CPU
		{97B62ED4-5347-4F27-AA60-9BFE5B50ABD0}.Debug|x86.ActiveCfg = Debug|Any CPU
		{97B62ED4-5347-4F27-AA60-9BFE5B50ABD0}.Release|Any CPU.ActiveCfg = Release|Any CPU
		{97B62ED4-5347-4F27-AA60-9BFE5B50ABD0}.Release|Any CPU.Build.0 = Release|Any CPU
		{97B62ED4-5347-4F27-AA60-9BFE5B50ABD0}.Release|Mixed Platforms.ActiveCfg = Release|Any CPU
		{97B62ED4-5347-4F27-AA60-9BFE5B50ABD0}.Release|Mixed Platforms.Build.0 = Release|Any CPU
		{97B62ED4-5347-4F27-AA60-9BFE5B50ABD0}.Release|x86.ActiveCfg = Release|Any CPU
		{26D6AC46-1976-4B04-9FD3-2FFFF09486B4}.Debug|Any CPU.ActiveCfg = Debug|Any CPU
		{26D6AC46-1976-4B04-9FD3-2FFFF09486B4}.Debug|Any CPU.Build.0 = Debug|Any CPU
		{26D6AC46-1976-4B04-9FD3-2FFFF09486B4}.Debug|Mixed Platforms.ActiveCfg = Debug|Any CPU
		{26D6AC46-1976-4B04-9FD3-2FFFF09486B4}.Debug|Mixed Platforms.Build.0 = Debug|Any CPU
		{26D6AC46-1976-4B04-9FD3-2FFFF09486B4}.Debug|x86.ActiveCfg = Debug|Any CPU
		{26D6AC46-1976-4B04-9FD3-2FFFF09486B4}.Release|Any CPU.ActiveCfg = Release|Any CPU
		{26D6AC46-1976-4B04-9FD3-2FFFF09486B4}.Release|Any CPU.Build.0 = Release|Any CPU
		{26D6AC46-1976-4B04-9FD3-2FFFF09486B4}.Release|Mixed Platforms.ActiveCfg = Release|Any CPU
		{26D6AC46-1976-4B04-9FD3-2FFFF09486B4}.Release|Mixed Platforms.Build.0 = Release|Any CPU
		{26D6AC46-1976-4B04-9FD3-2FFFF09486B4}.Release|x86.ActiveCfg = Release|Any CPU
		{4FDBD874-6B23-49F0-9217-907BB038A5B1}.Debug|Any CPU.ActiveCfg = Debug|x86
		{4FDBD874-6B23-49F0-9217-907BB038A5B1}.Debug|Mixed Platforms.ActiveCfg = Debug|x86
		{4FDBD874-6B23-49F0-9217-907BB038A5B1}.Debug|Mixed Platforms.Build.0 = Debug|x86
		{4FDBD874-6B23-49F0-9217-907BB038A5B1}.Debug|x86.ActiveCfg = Debug|x86
		{4FDBD874-6B23-49F0-9217-907BB038A5B1}.Debug|x86.Build.0 = Debug|x86
		{4FDBD874-6B23-49F0-9217-907BB038A5B1}.Release|Any CPU.ActiveCfg = Release|x86
		{4FDBD874-6B23-49F0-9217-907BB038A5B1}.Release|Mixed Platforms.ActiveCfg = Release|x86
		{4FDBD874-6B23-49F0-9217-907BB038A5B1}.Release|Mixed Platforms.Build.0 = Release|x86
		{4FDBD874-6B23-49F0-9217-907BB038A5B1}.Release|x86.ActiveCfg = Release|x86
		{4FDBD874-6B23-49F0-9217-907BB038A5B1}.Release|x86.Build.0 = Release|x86
		{391F8238-469F-4379-AEB6-27E1BAF27BF6}.Debug|Any CPU.ActiveCfg = Debug|Any CPU
		{391F8238-469F-4379-AEB6-27E1BAF27BF6}.Debug|Any CPU.Build.0 = Debug|Any CPU
		{391F8238-469F-4379-AEB6-27E1BAF27BF6}.Debug|Mixed Platforms.ActiveCfg = Debug|Any CPU
		{391F8238-469F-4379-AEB6-27E1BAF27BF6}.Debug|Mixed Platforms.Build.0 = Debug|Any CPU
		{391F8238-469F-4379-AEB6-27E1BAF27BF6}.Debug|x86.ActiveCfg = Debug|Any CPU
		{391F8238-469F-4379-AEB6-27E1BAF27BF6}.Release|Any CPU.ActiveCfg = Release|Any CPU
		{391F8238-469F-4379-AEB6-27E1BAF27BF6}.Release|Any CPU.Build.0 = Release|Any CPU
		{391F8238-469F-4379-AEB6-27E1BAF27BF6}.Release|Mixed Platforms.ActiveCfg = Release|Any CPU
		{391F8238-469F-4379-AEB6-27E1BAF27BF6}.Release|Mixed Platforms.Build.0 = Release|Any CPU
		{391F8238-469F-4379-AEB6-27E1BAF27BF6}.Release|x86.ActiveCfg = Release|Any CPU
		{07C0010C-0F3A-44F5-BC9A-8AB15C163D9F}.Debug|Any CPU.ActiveCfg = Debug|x86
		{07C0010C-0F3A-44F5-BC9A-8AB15C163D9F}.Debug|Mixed Platforms.ActiveCfg = Debug|x86
		{07C0010C-0F3A-44F5-BC9A-8AB15C163D9F}.Debug|Mixed Platforms.Build.0 = Debug|x86
		{07C0010C-0F3A-44F5-BC9A-8AB15C163D9F}.Debug|x86.ActiveCfg = Debug|x86
		{07C0010C-0F3A-44F5-BC9A-8AB15C163D9F}.Debug|x86.Build.0 = Debug|x86
		{07C0010C-0F3A-44F5-BC9A-8AB15C163D9F}.Release|Any CPU.ActiveCfg = Release|x86
		{07C0010C-0F3A-44F5-BC9A-8AB15C163D9F}.Release|Mixed Platforms.ActiveCfg = Release|x86
		{07C0010C-0F3A-44F5-BC9A-8AB15C163D9F}.Release|Mixed Platforms.Build.0 = Release|x86
		{07C0010C-0F3A-44F5-BC9A-8AB15C163D9F}.Release|x86.ActiveCfg = Release|x86
		{07C0010C-0F3A-44F5-BC9A-8AB15C163D9F}.Release|x86.Build.0 = Release|x86
		{7D59A747-CBE0-4860-945B-D23B3F9C71B3}.Debug|Any CPU.ActiveCfg = Debug|Any CPU
		{7D59A747-CBE0-4860-945B-D23B3F9C71B3}.Debug|Any CPU.Build.0 = Debug|Any CPU
		{7D59A747-CBE0-4860-945B-D23B3F9C71B3}.Debug|Mixed Platforms.ActiveCfg = Debug|Any CPU
		{7D59A747-CBE0-4860-945B-D23B3F9C71B3}.Debug|Mixed Platforms.Build.0 = Debug|Any CPU
		{7D59A747-CBE0-4860-945B-D23B3F9C71B3}.Debug|x86.ActiveCfg = Debug|Any CPU
		{7D59A747-CBE0-4860-945B-D23B3F9C71B3}.Release|Any CPU.ActiveCfg = Release|Any CPU
		{7D59A747-CBE0-4860-945B-D23B3F9C71B3}.Release|Any CPU.Build.0 = Release|Any CPU
		{7D59A747-CBE0-4860-945B-D23B3F9C71B3}.Release|Mixed Platforms.ActiveCfg = Release|Any CPU
		{7D59A747-CBE0-4860-945B-D23B3F9C71B3}.Release|Mixed Platforms.Build.0 = Release|Any CPU
		{7D59A747-CBE0-4860-945B-D23B3F9C71B3}.Release|x86.ActiveCfg = Release|Any CPU
		{CA23C864-4F29-48B9-B0F6-364B855DF4AC}.Debug|Any CPU.ActiveCfg = Debug|Any CPU
		{CA23C864-4F29-48B9-B0F6-364B855DF4AC}.Debug|Any CPU.Build.0 = Debug|Any CPU
		{CA23C864-4F29-48B9-B0F6-364B855DF4AC}.Debug|Mixed Platforms.ActiveCfg = Debug|Any CPU
		{CA23C864-4F29-48B9-B0F6-364B855DF4AC}.Debug|Mixed Platforms.Build.0 = Debug|Any CPU
		{CA23C864-4F29-48B9-B0F6-364B855DF4AC}.Debug|x86.ActiveCfg = Debug|Any CPU
		{CA23C864-4F29-48B9-B0F6-364B855DF4AC}.Release|Any CPU.ActiveCfg = Release|Any CPU
		{CA23C864-4F29-48B9-B0F6-364B855DF4AC}.Release|Any CPU.Build.0 = Release|Any CPU
		{CA23C864-4F29-48B9-B0F6-364B855DF4AC}.Release|Mixed Platforms.ActiveCfg = Release|Any CPU
		{CA23C864-4F29-48B9-B0F6-364B855DF4AC}.Release|Mixed Platforms.Build.0 = Release|Any CPU
		{CA23C864-4F29-48B9-B0F6-364B855DF4AC}.Release|x86.ActiveCfg = Release|Any CPU
		{47E8C059-3656-444A-9F73-67AA8B86D422}.Debug|Any CPU.ActiveCfg = Debug|Any CPU
		{47E8C059-3656-444A-9F73-67AA8B86D422}.Debug|Any CPU.Build.0 = Debug|Any CPU
		{47E8C059-3656-444A-9F73-67AA8B86D422}.Debug|Mixed Platforms.ActiveCfg = Debug|Any CPU
		{47E8C059-3656-444A-9F73-67AA8B86D422}.Debug|Mixed Platforms.Build.0 = Debug|Any CPU
		{47E8C059-3656-444A-9F73-67AA8B86D422}.Debug|x86.ActiveCfg = Debug|Any CPU
		{47E8C059-3656-444A-9F73-67AA8B86D422}.Release|Any CPU.ActiveCfg = Release|Any CPU
		{47E8C059-3656-444A-9F73-67AA8B86D422}.Release|Any CPU.Build.0 = Release|Any CPU
		{47E8C059-3656-444A-9F73-67AA8B86D422}.Release|Mixed Platforms.ActiveCfg = Release|Any CPU
		{47E8C059-3656-444A-9F73-67AA8B86D422}.Release|Mixed Platforms.Build.0 = Release|Any CPU
		{47E8C059-3656-444A-9F73-67AA8B86D422}.Release|x86.ActiveCfg = Release|Any CPU
		{757CDE86-775D-40AB-9186-EB6282D76915}.Debug|Any CPU.ActiveCfg = Debug|Any CPU
		{757CDE86-775D-40AB-9186-EB6282D76915}.Debug|Any CPU.Build.0 = Debug|Any CPU
		{757CDE86-775D-40AB-9186-EB6282D76915}.Debug|Mixed Platforms.ActiveCfg = Debug|Any CPU
		{757CDE86-775D-40AB-9186-EB6282D76915}.Debug|Mixed Platforms.Build.0 = Debug|Any CPU
		{757CDE86-775D-40AB-9186-EB6282D76915}.Debug|x86.ActiveCfg = Debug|Any CPU
		{757CDE86-775D-40AB-9186-EB6282D76915}.Release|Any CPU.ActiveCfg = Release|Any CPU
		{757CDE86-775D-40AB-9186-EB6282D76915}.Release|Any CPU.Build.0 = Release|Any CPU
		{757CDE86-775D-40AB-9186-EB6282D76915}.Release|Mixed Platforms.ActiveCfg = Release|Any CPU
		{757CDE86-775D-40AB-9186-EB6282D76915}.Release|Mixed Platforms.Build.0 = Release|Any CPU
		{757CDE86-775D-40AB-9186-EB6282D76915}.Release|x86.ActiveCfg = Release|Any CPU
	EndGlobalSection
	GlobalSection(SolutionProperties) = preSolution
		HideSolutionNode = FALSE
	EndGlobalSection
	GlobalSection(NestedProjects) = preSolution
		{391F8238-469F-4379-AEB6-27E1BAF27BF6} = {5B173E78-B157-48C9-8CDC-D73BD1D369BF}
		{07C0010C-0F3A-44F5-BC9A-8AB15C163D9F} = {55F0DC4E-2262-4DD4-933D-D0E970D2CF52}
		{7D59A747-CBE0-4860-945B-D23B3F9C71B3} = {55F0DC4E-2262-4DD4-933D-D0E970D2CF52}
		{CA23C864-4F29-48B9-B0F6-364B855DF4AC} = {55F0DC4E-2262-4DD4-933D-D0E970D2CF52}
		{47E8C059-3656-444A-9F73-67AA8B86D422} = {85822F2C-B369-4F63-A14E-3D5F2DB0F584}
		{757CDE86-775D-40AB-9186-EB6282D76915} = {85822F2C-B369-4F63-A14E-3D5F2DB0F584}
	EndGlobalSection
	GlobalSection(ExtensibilityGlobals) = postSolution
		VisualSVNWorkingCopyRoot = .
	EndGlobalSection
EndGlobal
