
Microsoft Visual Studio Solution File, Format Version 11.00
# Visual Studio 2010
Project("{FAE04EC0-301F-11D3-BF4B-00C04F79EFBC}") = "SKG.PRE", "SKG.PRE\SKG.PRE.csproj", "{3B8DED06-5D10-4E76-815F-45BB77C6EAEA}"
EndProject
Project("{FAE04EC0-301F-11D3-BF4B-00C04F79EFBC}") = "SKG.UTL", "SKG.UTL\SKG.UTL.csproj", "{E23FDF8E-3FC9-46DD-8222-95779F4D3369}"
EndProject
Project("{FAE04EC0-301F-11D3-BF4B-00C04F79EFBC}") = "SKG.DAL", "SKG.DAL\SKG.DAL.csproj", "{4DFC069A-A00D-4D24-94BC-BDA69C44E7EF}"
EndProject
Project("{FAE04EC0-301F-11D3-BF4B-00C04F79EFBC}") = "SKG.BLL", "SKG.BLL\SKG.BLL.csproj", "{4BEFA61D-5D5B-4CAC-8118-824E60D16100}"
EndProject
Project("{2150E333-8FDC-42A3-9474-1A3956D46DE8}") = "BXE", "BXE", "{AE756AD3-81EA-4E39-AB3F-6EBBF0BB4CB9}"
EndProject
Project("{FAE04EC0-301F-11D3-BF4B-00C04F79EFBC}") = "BXE.PRE", "PLG\BXE.PRE\BXE.PRE.csproj", "{43E76036-7139-48FA-9BDF-B045D4EAD6F7}"
EndProject
Project("{FAE04EC0-301F-11D3-BF4B-00C04F79EFBC}") = "BXE.DAL", "PLG\BXE.DAL\BXE.DAL.csproj", "{82413FAF-F04F-4023-A613-A3B9F7945BA3}"
EndProject
Project("{FAE04EC0-301F-11D3-BF4B-00C04F79EFBC}") = "BXE.BLL", "PLG\BXE.BLL\BXE.BLL.csproj", "{FEF12A32-1C87-4C36-823D-A61F49DCFA12}"
EndProject
Project("{FAE04EC0-301F-11D3-BF4B-00C04F79EFBC}") = "BXE.UTL", "PLG\BXE.UTL\BXE.UTL.csproj", "{3B77736C-2DC9-4EF4-878E-3CA7F2B6FCCF}"
EndProject
Global
	GlobalSection(SolutionConfigurationPlatforms) = preSolution
		Debug|Any CPU = Debug|Any CPU
		Debug|Mixed Platforms = Debug|Mixed Platforms
		Debug|x86 = Debug|x86
		Release|Any CPU = Release|Any CPU
		Release|Mixed Platforms = Release|Mixed Platforms
		Release|x86 = Release|x86
	EndGlobalSection
	GlobalSection(ProjectConfigurationPlatforms) = postSolution
		{3B8DED06-5D10-4E76-815F-45BB77C6EAEA}.Debug|Any CPU.ActiveCfg = Debug|x86
		{3B8DED06-5D10-4E76-815F-45BB77C6EAEA}.Debug|Mixed Platforms.ActiveCfg = Debug|x86
		{3B8DED06-5D10-4E76-815F-45BB77C6EAEA}.Debug|Mixed Platforms.Build.0 = Debug|x86
		{3B8DED06-5D10-4E76-815F-45BB77C6EAEA}.Debug|x86.ActiveCfg = Debug|x86
		{3B8DED06-5D10-4E76-815F-45BB77C6EAEA}.Debug|x86.Build.0 = Debug|x86
		{3B8DED06-5D10-4E76-815F-45BB77C6EAEA}.Release|Any CPU.ActiveCfg = Release|x86
		{3B8DED06-5D10-4E76-815F-45BB77C6EAEA}.Release|Mixed Platforms.ActiveCfg = Release|x86
		{3B8DED06-5D10-4E76-815F-45BB77C6EAEA}.Release|Mixed Platforms.Build.0 = Release|x86
		{3B8DED06-5D10-4E76-815F-45BB77C6EAEA}.Release|x86.ActiveCfg = Release|x86
		{3B8DED06-5D10-4E76-815F-45BB77C6EAEA}.Release|x86.Build.0 = Release|x86
		{E23FDF8E-3FC9-46DD-8222-95779F4D3369}.Debug|Any CPU.ActiveCfg = Debug|Any CPU
		{E23FDF8E-3FC9-46DD-8222-95779F4D3369}.Debug|Any CPU.Build.0 = Debug|Any CPU
		{E23FDF8E-3FC9-46DD-8222-95779F4D3369}.Debug|Mixed Platforms.ActiveCfg = Debug|Any CPU
		{E23FDF8E-3FC9-46DD-8222-95779F4D3369}.Debug|Mixed Platforms.Build.0 = Debug|Any CPU
		{E23FDF8E-3FC9-46DD-8222-95779F4D3369}.Debug|x86.ActiveCfg = Debug|Any CPU
		{E23FDF8E-3FC9-46DD-8222-95779F4D3369}.Release|Any CPU.ActiveCfg = Release|Any CPU
		{E23FDF8E-3FC9-46DD-8222-95779F4D3369}.Release|Any CPU.Build.0 = Release|Any CPU
		{E23FDF8E-3FC9-46DD-8222-95779F4D3369}.Release|Mixed Platforms.ActiveCfg = Release|Any CPU
		{E23FDF8E-3FC9-46DD-8222-95779F4D3369}.Release|Mixed Platforms.Build.0 = Release|Any CPU
		{E23FDF8E-3FC9-46DD-8222-95779F4D3369}.Release|x86.ActiveCfg = Release|Any CPU
		{4DFC069A-A00D-4D24-94BC-BDA69C44E7EF}.Debug|Any CPU.ActiveCfg = Debug|Any CPU
		{4DFC069A-A00D-4D24-94BC-BDA69C44E7EF}.Debug|Any CPU.Build.0 = Debug|Any CPU
		{4DFC069A-A00D-4D24-94BC-BDA69C44E7EF}.Debug|Mixed Platforms.ActiveCfg = Debug|Any CPU
		{4DFC069A-A00D-4D24-94BC-BDA69C44E7EF}.Debug|Mixed Platforms.Build.0 = Debug|Any CPU
		{4DFC069A-A00D-4D24-94BC-BDA69C44E7EF}.Debug|x86.ActiveCfg = Debug|Any CPU
		{4DFC069A-A00D-4D24-94BC-BDA69C44E7EF}.Release|Any CPU.ActiveCfg = Release|Any CPU
		{4DFC069A-A00D-4D24-94BC-BDA69C44E7EF}.Release|Any CPU.Build.0 = Release|Any CPU
		{4DFC069A-A00D-4D24-94BC-BDA69C44E7EF}.Release|Mixed Platforms.ActiveCfg = Release|Any CPU
		{4DFC069A-A00D-4D24-94BC-BDA69C44E7EF}.Release|Mixed Platforms.Build.0 = Release|Any CPU
		{4DFC069A-A00D-4D24-94BC-BDA69C44E7EF}.Release|x86.ActiveCfg = Release|Any CPU
		{4BEFA61D-5D5B-4CAC-8118-824E60D16100}.Debug|Any CPU.ActiveCfg = Debug|Any CPU
		{4BEFA61D-5D5B-4CAC-8118-824E60D16100}.Debug|Any CPU.Build.0 = Debug|Any CPU
		{4BEFA61D-5D5B-4CAC-8118-824E60D16100}.Debug|Mixed Platforms.ActiveCfg = Debug|Any CPU
		{4BEFA61D-5D5B-4CAC-8118-824E60D16100}.Debug|Mixed Platforms.Build.0 = Debug|Any CPU
		{4BEFA61D-5D5B-4CAC-8118-824E60D16100}.Debug|x86.ActiveCfg = Debug|Any CPU
		{4BEFA61D-5D5B-4CAC-8118-824E60D16100}.Release|Any CPU.ActiveCfg = Release|Any CPU
		{4BEFA61D-5D5B-4CAC-8118-824E60D16100}.Release|Any CPU.Build.0 = Release|Any CPU
		{4BEFA61D-5D5B-4CAC-8118-824E60D16100}.Release|Mixed Platforms.ActiveCfg = Release|Any CPU
		{4BEFA61D-5D5B-4CAC-8118-824E60D16100}.Release|Mixed Platforms.Build.0 = Release|Any CPU
		{4BEFA61D-5D5B-4CAC-8118-824E60D16100}.Release|x86.ActiveCfg = Release|Any CPU
		{43E76036-7139-48FA-9BDF-B045D4EAD6F7}.Debug|Any CPU.ActiveCfg = Debug|x86
		{43E76036-7139-48FA-9BDF-B045D4EAD6F7}.Debug|Mixed Platforms.ActiveCfg = Debug|x86
		{43E76036-7139-48FA-9BDF-B045D4EAD6F7}.Debug|Mixed Platforms.Build.0 = Debug|x86
		{43E76036-7139-48FA-9BDF-B045D4EAD6F7}.Debug|x86.ActiveCfg = Debug|x86
		{43E76036-7139-48FA-9BDF-B045D4EAD6F7}.Debug|x86.Build.0 = Debug|x86
		{43E76036-7139-48FA-9BDF-B045D4EAD6F7}.Release|Any CPU.ActiveCfg = Release|x86
		{43E76036-7139-48FA-9BDF-B045D4EAD6F7}.Release|Mixed Platforms.ActiveCfg = Release|x86
		{43E76036-7139-48FA-9BDF-B045D4EAD6F7}.Release|Mixed Platforms.Build.0 = Release|x86
		{43E76036-7139-48FA-9BDF-B045D4EAD6F7}.Release|x86.ActiveCfg = Release|x86
		{43E76036-7139-48FA-9BDF-B045D4EAD6F7}.Release|x86.Build.0 = Release|x86
		{82413FAF-F04F-4023-A613-A3B9F7945BA3}.Debug|Any CPU.ActiveCfg = Debug|Any CPU
		{82413FAF-F04F-4023-A613-A3B9F7945BA3}.Debug|Any CPU.Build.0 = Debug|Any CPU
		{82413FAF-F04F-4023-A613-A3B9F7945BA3}.Debug|Mixed Platforms.ActiveCfg = Debug|Any CPU
		{82413FAF-F04F-4023-A613-A3B9F7945BA3}.Debug|Mixed Platforms.Build.0 = Debug|Any CPU
		{82413FAF-F04F-4023-A613-A3B9F7945BA3}.Debug|x86.ActiveCfg = Debug|Any CPU
		{82413FAF-F04F-4023-A613-A3B9F7945BA3}.Release|Any CPU.ActiveCfg = Release|Any CPU
		{82413FAF-F04F-4023-A613-A3B9F7945BA3}.Release|Any CPU.Build.0 = Release|Any CPU
		{82413FAF-F04F-4023-A613-A3B9F7945BA3}.Release|Mixed Platforms.ActiveCfg = Release|Any CPU
		{82413FAF-F04F-4023-A613-A3B9F7945BA3}.Release|Mixed Platforms.Build.0 = Release|Any CPU
		{82413FAF-F04F-4023-A613-A3B9F7945BA3}.Release|x86.ActiveCfg = Release|Any CPU
		{FEF12A32-1C87-4C36-823D-A61F49DCFA12}.Debug|Any CPU.ActiveCfg = Debug|Any CPU
		{FEF12A32-1C87-4C36-823D-A61F49DCFA12}.Debug|Any CPU.Build.0 = Debug|Any CPU
		{FEF12A32-1C87-4C36-823D-A61F49DCFA12}.Debug|Mixed Platforms.ActiveCfg = Debug|Any CPU
		{FEF12A32-1C87-4C36-823D-A61F49DCFA12}.Debug|Mixed Platforms.Build.0 = Debug|Any CPU
		{FEF12A32-1C87-4C36-823D-A61F49DCFA12}.Debug|x86.ActiveCfg = Debug|Any CPU
		{FEF12A32-1C87-4C36-823D-A61F49DCFA12}.Release|Any CPU.ActiveCfg = Release|Any CPU
		{FEF12A32-1C87-4C36-823D-A61F49DCFA12}.Release|Any CPU.Build.0 = Release|Any CPU
		{FEF12A32-1C87-4C36-823D-A61F49DCFA12}.Release|Mixed Platforms.ActiveCfg = Release|Any CPU
		{FEF12A32-1C87-4C36-823D-A61F49DCFA12}.Release|Mixed Platforms.Build.0 = Release|Any CPU
		{FEF12A32-1C87-4C36-823D-A61F49DCFA12}.Release|x86.ActiveCfg = Release|Any CPU
		{3B77736C-2DC9-4EF4-878E-3CA7F2B6FCCF}.Debug|Any CPU.ActiveCfg = Debug|Any CPU
		{3B77736C-2DC9-4EF4-878E-3CA7F2B6FCCF}.Debug|Any CPU.Build.0 = Debug|Any CPU
		{3B77736C-2DC9-4EF4-878E-3CA7F2B6FCCF}.Debug|Mixed Platforms.ActiveCfg = Debug|Any CPU
		{3B77736C-2DC9-4EF4-878E-3CA7F2B6FCCF}.Debug|Mixed Platforms.Build.0 = Debug|Any CPU
		{3B77736C-2DC9-4EF4-878E-3CA7F2B6FCCF}.Debug|x86.ActiveCfg = Debug|Any CPU
		{3B77736C-2DC9-4EF4-878E-3CA7F2B6FCCF}.Release|Any CPU.ActiveCfg = Release|Any CPU
		{3B77736C-2DC9-4EF4-878E-3CA7F2B6FCCF}.Release|Any CPU.Build.0 = Release|Any CPU
		{3B77736C-2DC9-4EF4-878E-3CA7F2B6FCCF}.Release|Mixed Platforms.ActiveCfg = Release|Any CPU
		{3B77736C-2DC9-4EF4-878E-3CA7F2B6FCCF}.Release|Mixed Platforms.Build.0 = Release|Any CPU
		{3B77736C-2DC9-4EF4-878E-3CA7F2B6FCCF}.Release|x86.ActiveCfg = Release|Any CPU
	EndGlobalSection
	GlobalSection(SolutionProperties) = preSolution
		HideSolutionNode = FALSE
	EndGlobalSection
	GlobalSection(NestedProjects) = preSolution
		{43E76036-7139-48FA-9BDF-B045D4EAD6F7} = {AE756AD3-81EA-4E39-AB3F-6EBBF0BB4CB9}
		{82413FAF-F04F-4023-A613-A3B9F7945BA3} = {AE756AD3-81EA-4E39-AB3F-6EBBF0BB4CB9}
		{FEF12A32-1C87-4C36-823D-A61F49DCFA12} = {AE756AD3-81EA-4E39-AB3F-6EBBF0BB4CB9}
		{3B77736C-2DC9-4EF4-878E-3CA7F2B6FCCF} = {AE756AD3-81EA-4E39-AB3F-6EBBF0BB4CB9}
	EndGlobalSection
	GlobalSection(ExtensibilityGlobals) = postSolution
		VisualSVNWorkingCopyRoot = .
	EndGlobalSection
EndGlobal
