
Microsoft Visual Studio Solution File, Format Version 11.00
# Visual Studio 2010
Project("{FAE04EC0-301F-11D3-BF4B-00C04F79EFBC}") = "SKG.DWF", "SKG.DWF\SKG.DWF.csproj", "{42B0C89C-9A0E-43E4-ABB5-710A057A560C}"
EndProject
Project("{FAE04EC0-301F-11D3-BF4B-00C04F79EFBC}") = "SKG.MWF", "SKG.MWF\SKG.MWF.csproj", "{A1CEEF58-DCF3-4C61-B4B3-7835DB5AD0B4}"
EndProject
Project("{FAE04EC0-301F-11D3-BF4B-00C04F79EFBC}") = "SKG.UTL", "SKG.UTL\SKG.UTL.csproj", "{49ECBBF9-85A9-4C39-8467-34553EF959A8}"
EndProject
Project("{2150E333-8FDC-42A3-9474-1A3956D46DE8}") = "BXE", "BXE", "{0B8F2545-2EAE-49B2-A697-592A1EBE8305}"
EndProject
Project("{2150E333-8FDC-42A3-9474-1A3956D46DE8}") = "POS", "POS", "{B9B5C41C-F09F-4B8C-A291-F252B55ECE95}"
EndProject
Global
	GlobalSection(SolutionConfigurationPlatforms) = preSolution
		Debug|Any CPU = Debug|Any CPU
		Debug|Mixed Platforms = Debug|Mixed Platforms
		Debug|x86 = Debug|x86
		Release|Any CPU = Release|Any CPU
		Release|Mixed Platforms = Release|Mixed Platforms
		Release|x86 = Release|x86
	EndGlobalSection
	GlobalSection(ProjectConfigurationPlatforms) = postSolution
		{42B0C89C-9A0E-43E4-ABB5-710A057A560C}.Debug|Any CPU.ActiveCfg = Debug|Any CPU
		{42B0C89C-9A0E-43E4-ABB5-710A057A560C}.Debug|Any CPU.Build.0 = Debug|Any CPU
		{42B0C89C-9A0E-43E4-ABB5-710A057A560C}.Debug|Mixed Platforms.ActiveCfg = Debug|Any CPU
		{42B0C89C-9A0E-43E4-ABB5-710A057A560C}.Debug|Mixed Platforms.Build.0 = Debug|Any CPU
		{42B0C89C-9A0E-43E4-ABB5-710A057A560C}.Debug|x86.ActiveCfg = Debug|Any CPU
		{42B0C89C-9A0E-43E4-ABB5-710A057A560C}.Release|Any CPU.ActiveCfg = Release|Any CPU
		{42B0C89C-9A0E-43E4-ABB5-710A057A560C}.Release|Any CPU.Build.0 = Release|Any CPU
		{42B0C89C-9A0E-43E4-ABB5-710A057A560C}.Release|Mixed Platforms.ActiveCfg = Release|Any CPU
		{42B0C89C-9A0E-43E4-ABB5-710A057A560C}.Release|Mixed Platforms.Build.0 = Release|Any CPU
		{42B0C89C-9A0E-43E4-ABB5-710A057A560C}.Release|x86.ActiveCfg = Release|Any CPU
		{A1CEEF58-DCF3-4C61-B4B3-7835DB5AD0B4}.Debug|Any CPU.ActiveCfg = Debug|x86
		{A1CEEF58-DCF3-4C61-B4B3-7835DB5AD0B4}.Debug|Mixed Platforms.ActiveCfg = Debug|x86
		{A1CEEF58-DCF3-4C61-B4B3-7835DB5AD0B4}.Debug|Mixed Platforms.Build.0 = Debug|x86
		{A1CEEF58-DCF3-4C61-B4B3-7835DB5AD0B4}.Debug|x86.ActiveCfg = Debug|x86
		{A1CEEF58-DCF3-4C61-B4B3-7835DB5AD0B4}.Debug|x86.Build.0 = Debug|x86
		{A1CEEF58-DCF3-4C61-B4B3-7835DB5AD0B4}.Release|Any CPU.ActiveCfg = Release|x86
		{A1CEEF58-DCF3-4C61-B4B3-7835DB5AD0B4}.Release|Mixed Platforms.ActiveCfg = Release|x86
		{A1CEEF58-DCF3-4C61-B4B3-7835DB5AD0B4}.Release|Mixed Platforms.Build.0 = Release|x86
		{A1CEEF58-DCF3-4C61-B4B3-7835DB5AD0B4}.Release|x86.ActiveCfg = Release|x86
		{A1CEEF58-DCF3-4C61-B4B3-7835DB5AD0B4}.Release|x86.Build.0 = Release|x86
		{49ECBBF9-85A9-4C39-8467-34553EF959A8}.Debug|Any CPU.ActiveCfg = Debug|Any CPU
		{49ECBBF9-85A9-4C39-8467-34553EF959A8}.Debug|Any CPU.Build.0 = Debug|Any CPU
		{49ECBBF9-85A9-4C39-8467-34553EF959A8}.Debug|Mixed Platforms.ActiveCfg = Debug|Any CPU
		{49ECBBF9-85A9-4C39-8467-34553EF959A8}.Debug|Mixed Platforms.Build.0 = Debug|Any CPU
		{49ECBBF9-85A9-4C39-8467-34553EF959A8}.Debug|x86.ActiveCfg = Debug|Any CPU
		{49ECBBF9-85A9-4C39-8467-34553EF959A8}.Release|Any CPU.ActiveCfg = Release|Any CPU
		{49ECBBF9-85A9-4C39-8467-34553EF959A8}.Release|Any CPU.Build.0 = Release|Any CPU
		{49ECBBF9-85A9-4C39-8467-34553EF959A8}.Release|Mixed Platforms.ActiveCfg = Release|Any CPU
		{49ECBBF9-85A9-4C39-8467-34553EF959A8}.Release|Mixed Platforms.Build.0 = Release|Any CPU
		{49ECBBF9-85A9-4C39-8467-34553EF959A8}.Release|x86.ActiveCfg = Release|Any CPU
	EndGlobalSection
	GlobalSection(SolutionProperties) = preSolution
		HideSolutionNode = FALSE
	EndGlobalSection
	GlobalSection(ExtensibilityGlobals) = postSolution
		VisualSVNWorkingCopyRoot = .
	EndGlobalSection
EndGlobal
